# This file is automatically @generated by Wally.
# It is not intended for manual editing.
registry = "test"

[[package]]
name = "paracosm-daemon/weaver"
version = "1.1.0"
dependencies = []

[[package]]
name = "windows-11-pro/weavertest"
version = "0.1.0"
dependencies = [["weaver", "paracosm-daemon/weaver@1.1.0"]]
